
Microsoft Visual Studio Solution File, Format Version 12.00
# Visual Studio 2013
VisualStudioVersion = 12.0.30501.0
MinimumVisualStudioVersion = 10.0.40219.1
Project("{FAE04EC0-301F-11D3-BF4B-00C04F79EFBC}") = "DynamicProxies.Tests", "DynamicProxies.Tests\DynamicProxies.Tests.csproj", "{E2502DB9-59D4-4118-8B8F-E550A9AFD959}"
EndProject
Project("{F184B08F-C81C-45F6-A57F-5ABD9991F28F}") = "DynamicProxies.Tests.InterfaceImplementation", "DynamicProxies.Tests.InterfaceImplementation\DynamicProxies.Tests.InterfaceImplementation.vbproj", "{37C9EEFD-6884-46B9-8DEC-83212A42A06F}"
EndProject
Project("{FAE04EC0-301F-11D3-BF4B-00C04F79EFBC}") = "DynamicProxies", "DynamicProxies\DynamicProxies.csproj", "{503EA171-D99E-45A1-8463-0CC2679E6142}"
EndProject
Project("{FAE04EC0-301F-11D3-BF4B-00C04F79EFBC}") = "DynamicProxies.Tests.ExplicitInternalInterfaces", "DynamicProxies.Tests.ExplicitInternalInterfaces\DynamicProxies.Tests.ExplicitInternalInterfaces.csproj", "{7531D267-7A03-4AE4-BDEF-BFE28506D45F}"
EndProject
Project("{FAE04EC0-301F-11D3-BF4B-00C04F79EFBC}") = "DynamicProxies.Client.Windows", "DynamicProxies.Client.Windows\DynamicProxies.Client.Windows.csproj", "{3806FE76-AC99-4B9D-B05F-B76D4BAD5D9E}"
EndProject
Global
	GlobalSection(TeamFoundationVersionControl) = preSolution
		SccNumberOfProjects = 6
		SccEnterpriseProvider = {4CA58AB2-18FA-4F8D-95D4-32DDF27D184C}
		SccTeamFoundationServer = https://tfs04.codeplex.com/
		SccLocalPath0 = .
		SccProjectUniqueName1 = DynamicProxies.Client.Windows\\DynamicProxies.Client.Windows.csproj
		SccProjectName1 = DynamicProxies.Client.Windows
		SccLocalPath1 = DynamicProxies.Client.Windows
		SccProjectUniqueName2 = DynamicProxies.Tests.ExplicitInternalInterfaces\\DynamicProxies.Tests.ExplicitInternalInterfaces.csproj
		SccProjectName2 = DynamicProxies.Tests.ExplicitInternalInterfaces
		SccLocalPath2 = DynamicProxies.Tests.ExplicitInternalInterfaces
		SccProjectUniqueName3 = DynamicProxies.Tests.InterfaceImplementation\\DynamicProxies.Tests.InterfaceImplementation.vbproj
		SccProjectName3 = DynamicProxies.Tests.InterfaceImplementation
		SccLocalPath3 = DynamicProxies.Tests.InterfaceImplementation
		SccProjectUniqueName4 = DynamicProxies.Tests\\DynamicProxies.Tests.csproj
		SccProjectName4 = DynamicProxies.Tests
		SccLocalPath4 = DynamicProxies.Tests
		SccProjectUniqueName5 = DynamicProxies\\DynamicProxies.csproj
		SccProjectName5 = DynamicProxies
		SccLocalPath5 = DynamicProxies
	EndGlobalSection
	GlobalSection(SolutionConfigurationPlatforms) = preSolution
		Debug|Any CPU = Debug|Any CPU
		Release|Any CPU = Release|Any CPU
	EndGlobalSection
	GlobalSection(ProjectConfigurationPlatforms) = postSolution
		{E2502DB9-59D4-4118-8B8F-E550A9AFD959}.Debug|Any CPU.ActiveCfg = Debug|Any CPU
		{E2502DB9-59D4-4118-8B8F-E550A9AFD959}.Debug|Any CPU.Build.0 = Debug|Any CPU
		{E2502DB9-59D4-4118-8B8F-E550A9AFD959}.Release|Any CPU.ActiveCfg = Release|Any CPU
		{E2502DB9-59D4-4118-8B8F-E550A9AFD959}.Release|Any CPU.Build.0 = Release|Any CPU
		{37C9EEFD-6884-46B9-8DEC-83212A42A06F}.Debug|Any CPU.ActiveCfg = Debug|Any CPU
		{37C9EEFD-6884-46B9-8DEC-83212A42A06F}.Debug|Any CPU.Build.0 = Debug|Any CPU
		{37C9EEFD-6884-46B9-8DEC-83212A42A06F}.Release|Any CPU.ActiveCfg = Release|Any CPU
		{37C9EEFD-6884-46B9-8DEC-83212A42A06F}.Release|Any CPU.Build.0 = Release|Any CPU
		{503EA171-D99E-45A1-8463-0CC2679E6142}.Debug|Any CPU.ActiveCfg = Debug|Any CPU
		{503EA171-D99E-45A1-8463-0CC2679E6142}.Debug|Any CPU.Build.0 = Debug|Any CPU
		{503EA171-D99E-45A1-8463-0CC2679E6142}.Release|Any CPU.ActiveCfg = Release|Any CPU
		{503EA171-D99E-45A1-8463-0CC2679E6142}.Release|Any CPU.Build.0 = Release|Any CPU
		{7531D267-7A03-4AE4-BDEF-BFE28506D45F}.Debug|Any CPU.ActiveCfg = Debug|Any CPU
		{7531D267-7A03-4AE4-BDEF-BFE28506D45F}.Debug|Any CPU.Build.0 = Debug|Any CPU
		{7531D267-7A03-4AE4-BDEF-BFE28506D45F}.Release|Any CPU.ActiveCfg = Release|Any CPU
		{7531D267-7A03-4AE4-BDEF-BFE28506D45F}.Release|Any CPU.Build.0 = Release|Any CPU
		{3806FE76-AC99-4B9D-B05F-B76D4BAD5D9E}.Debug|Any CPU.ActiveCfg = Debug|Any CPU
		{3806FE76-AC99-4B9D-B05F-B76D4BAD5D9E}.Debug|Any CPU.Build.0 = Debug|Any CPU
		{3806FE76-AC99-4B9D-B05F-B76D4BAD5D9E}.Release|Any CPU.ActiveCfg = Release|Any CPU
		{3806FE76-AC99-4B9D-B05F-B76D4BAD5D9E}.Release|Any CPU.Build.0 = Release|Any CPU
	EndGlobalSection
	GlobalSection(SolutionProperties) = preSolution
		HideSolutionNode = FALSE
	EndGlobalSection
	GlobalSection(TestCaseManagementSettings) = postSolution
		CategoryFile = DynamicProxies.vsmdi
	EndGlobalSection
EndGlobal
